version = 1
revision = 2
requires-python = ">=3.13"

[[package]]
name = "au199-github-io"
version = "0.1.0"
source = { virtual = "." }
dependencies = [
    { name = "javascript" },
    { name = "js" },
    { name = "pyodide-http" },
    { name = "pyodide-py" },
]

[package.metadata]
requires-dist = [
    { name = "javascript", specifier = ">=1!1.2.6" },
    { name = "js", specifier = ">=1.0" },
    { name = "pyodide-http", specifier = ">=0.2.2" },
    { name = "pyodide-py", specifier = ">=0.29.3" },
]

[[package]]
name = "fanstatic"
version = "1.6"
source = { registry = "https://pypi.org/simple" }
dependencies = [
    { name = "packaging" },
    { name = "setuptools" },
    { name = "webob" },
]
sdist = { url = "https://files.pythonhosted.org/packages/96/b1/eda49dd953c9a1bdc67da4b0b9a833f275d6ebb3f74c3cf0d2274af66618/fanstatic-1.6.tar.gz", hash = "sha256:053b7da950859dde20890e2e99d316fd30fd1edc860548ac2717504eda82f002", size = 82762, upload-time = "2025-11-04T11:25:56.206Z" }
wheels = [
    { url = "https://files.pythonhosted.org/packages/64/7d/1a5bbd25b3cc7368f478ca1a6c33b4a9f26b162e28bf788f9c339d619d3b/fanstatic-1.6-py3-none-any.whl", hash = "sha256:7a94455ec3e6bb704b3c3d7c5f5140d7d59c873ba81306d20e5e165f2356609a", size = 53941, upload-time = "2025-11-04T11:25:54.363Z" },
]

[[package]]
name = "javascript"
version = "1!1.2.6"
source = { registry = "https://pypi.org/simple" }
sdist = { url = "https://files.pythonhosted.org/packages/1d/e5/782b7cfba2491e96ff463e24fadb4486ce2bc226f2071e493a9caa07f345/javascript-1!1.2.6.tar.gz", hash = "sha256:442e885b54dd9a6afe797dd6d5c3c575ec38da02a7d16749bf315aad0fa620c9", size = 38508, upload-time = "2025-09-25T11:15:44.411Z" }
wheels = [
    { url = "https://files.pythonhosted.org/packages/95/4f/43e4b0bd6b76930e921cf5d9357cefb8ace9a2615bf53c05ff2e314ec434/javascript-1!1.2.6-py3-none-any.whl", hash = "sha256:0c68af196d450715bb74e9a25f11db67435070d91ceaff5ef28c4b4c95235ebf", size = 34802, upload-time = "2025-09-25T11:15:42.142Z" },
]

[[package]]
name = "js"
version = "1.0"
source = { registry = "https://pypi.org/simple" }
dependencies = [
    { name = "fanstatic" },
    { name = "setuptools" },
]
sdist = { url = "https://files.pythonhosted.org/packages/c0/ec/93bb7175ffcfb86eb9d46ae25fa6097b2e853caa362e3e38de8ab4e5eda1/js-1.0.tar.gz", hash = "sha256:9bade58e82ec88443ad9dd375674ef0d9597dfa6c773897e9019ebedc54d1f00", size = 2523, upload-time = "2012-08-22T04:58:59.132Z" }

[[package]]
name = "legacy-cgi"
version = "2.6.4"
source = { registry = "https://pypi.org/simple" }
sdist = { url = "https://files.pythonhosted.org/packages/f4/9c/91c7d2c5ebbdf0a1a510bfa0ddeaa2fbb5b78677df5ac0a0aa51cf7125b0/legacy_cgi-2.6.4.tar.gz", hash = "sha256:abb9dfc7835772f7c9317977c63253fd22a7484b5c9bbcdca60a29dcce97c577", size = 24603, upload-time = "2025-10-27T05:20:05.395Z" }
wheels = [
    { url = "https://files.pythonhosted.org/packages/8c/7e/e7394eeb49a41cc514b3eb49020223666cbf40d86f5721c2f07871e6d84a/legacy_cgi-2.6.4-py3-none-any.whl", hash = "sha256:7e235ce58bf1e25d1fc9b2d299015e4e2cd37305eccafec1e6bac3fc04b878cd", size = 20035, upload-time = "2025-10-27T05:20:04.289Z" },
]

[[package]]
name = "packaging"
version = "26.0"
source = { registry = "https://pypi.org/simple" }
sdist = { url = "https://files.pythonhosted.org/packages/65/ee/299d360cdc32edc7d2cf530f3accf79c4fca01e96ffc950d8a52213bd8e4/packaging-26.0.tar.gz", hash = "sha256:00243ae351a257117b6a241061796684b084ed1c516a08c48a3f7e147a9d80b4", size = 143416, upload-time = "2026-01-21T20:50:39.064Z" }
wheels = [
    { url = "https://files.pythonhosted.org/packages/b7/b9/c538f279a4e237a006a2c98387d081e9eb060d203d8ed34467cc0f0b9b53/packaging-26.0-py3-none-any.whl", hash = "sha256:b36f1fef9334a5588b4166f8bcd26a14e521f2b55e6b9de3aaa80d3ff7a37529", size = 74366, upload-time = "2026-01-21T20:50:37.788Z" },
]

[[package]]
name = "pyodide-http"
version = "0.2.2"
source = { registry = "https://pypi.org/simple" }
sdist = { url = "https://files.pythonhosted.org/packages/0b/69/122182a6ee6b3b55256de91b91b0a03965997be3e4936929b7bfdec0c99e/pyodide_http-0.2.2.tar.gz", hash = "sha256:d98132c664a621c950d4d795fa013b763b0ebc223f6107d06483b736802b61c0", size = 9658, upload-time = "2025-02-05T14:21:29.492Z" }
wheels = [
    { url = "https://files.pythonhosted.org/packages/43/aa/471c9cb07acd2de48acf70aef07139f08f2f7ea6f85883f19a7296243ffb/pyodide_http-0.2.2-py3-none-any.whl", hash = "sha256:cf006ea593c1643b5badeb4d42ed24a6eebd830276171fa1f82de0777b3fb608", size = 9796, upload-time = "2025-02-05T14:21:28.15Z" },
]

[[package]]
name = "pyodide-py"
version = "0.29.3"
source = { registry = "https://pypi.org/simple" }
sdist = { url = "https://files.pythonhosted.org/packages/3c/e2/35e934789449ef1d1534a2a195d0fa7795c857a24499e0dbbf557af74a83/pyodide_py-0.29.3.tar.gz", hash = "sha256:d553d60d95ba8ed3a368f2d1448c4283a3d752511f25d86b3cadfc79a58e4a07", size = 58740, upload-time = "2026-01-28T09:26:08.727Z" }
wheels = [
    { url = "https://files.pythonhosted.org/packages/1b/1a/9b312385c634a8ec3210be6790e3cf2593af5490675c5e27c4f908001da8/pyodide_py-0.29.3-py3-none-any.whl", hash = "sha256:0108040da4f072058e751c4ad35182cd54803c73258024c2b93012d199c18315", size = 66015, upload-time = "2026-01-28T09:26:07.392Z" },
]

[[package]]
name = "setuptools"
version = "82.0.1"
source = { registry = "https://pypi.org/simple" }
sdist = { url = "https://files.pythonhosted.org/packages/4f/db/cfac1baf10650ab4d1c111714410d2fbb77ac5a616db26775db562c8fab2/setuptools-82.0.1.tar.gz", hash = "sha256:7d872682c5d01cfde07da7bccc7b65469d3dca203318515ada1de5eda35efbf9", size = 1152316, upload-time = "2026-03-09T12:47:17.221Z" }
wheels = [
    { url = "https://files.pythonhosted.org/packages/9d/76/f789f7a86709c6b087c5a2f52f911838cad707cc613162401badc665acfe/setuptools-82.0.1-py3-none-any.whl", hash = "sha256:a59e362652f08dcd477c78bb6e7bd9d80a7995bc73ce773050228a348ce2e5bb", size = 1006223, upload-time = "2026-03-09T12:47:15.026Z" },
]

[[package]]
name = "webob"
version = "1.8.9"
source = { registry = "https://pypi.org/simple" }
dependencies = [
    { name = "legacy-cgi" },
]
sdist = { url = "https://files.pythonhosted.org/packages/85/0b/1732085540b01f65e4e7999e15864fe14cd18b12a95731a43fd6fd11b26a/webob-1.8.9.tar.gz", hash = "sha256:ad6078e2edb6766d1334ec3dee072ac6a7f95b1e32ce10def8ff7f0f02d56589", size = 279775, upload-time = "2024-10-24T03:19:20.651Z" }
wheels = [
    { url = "https://files.pythonhosted.org/packages/50/bd/c336448be43d40be28e71f2e0f3caf7ccb28e2755c58f4c02c065bfe3e8e/WebOb-1.8.9-py2.py3-none-any.whl", hash = "sha256:45e34c58ed0c7e2ecd238ffd34432487ff13d9ad459ddfd77895e67abba7c1f9", size = 115364, upload-time = "2024-10-24T03:19:18.642Z" },
]
